
Microsoft Visual Studio Solution File, Format Version 12.00
# Visual Studio Version 17
VisualStudioVersion = 17.12.35527.113
MinimumVisualStudioVersion = 10.0.40219.1
Project("{2150E333-8FDC-42A3-9474-1A3956D46DE8}") = "week1", "week1", "{89C77AAC-72EF-44DF-90FB-D6252006080E}"
EndProject
Project("{FAE04EC0-301F-11D3-BF4B-00C04F79EFBC}") = "If", "If\If.csproj", "{0E8C101A-CB59-4C9C-99AA-E2D3A4085EDD}"
EndProject
Project("{2150E333-8FDC-42A3-9474-1A3956D46DE8}") = "week2", "week2", "{A6FC1A48-AA0F-4381-818B-54F9D5B23F12}"
EndProject
Project("{2150E333-8FDC-42A3-9474-1A3956D46DE8}") = "week3", "week3", "{EB6A6782-023B-4D3F-928D-FC2903655406}"
EndProject
Project("{2150E333-8FDC-42A3-9474-1A3956D46DE8}") = "week4", "week4", "{B7CB9472-22F9-43DD-BB22-999B1908B3A6}"
EndProject
Project("{FAE04EC0-301F-11D3-BF4B-00C04F79EFBC}") = "HolidayApp", "HolidayApp\HolidayApp.csproj", "{44B08A19-D0ED-4718-AC90-115EBD89593E}"
EndProject
Project("{FAE04EC0-301F-11D3-BF4B-00C04F79EFBC}") = "DoWhile", "DoWhile\DoWhile.csproj", "{811F8E61-FA49-4C52-9E47-C050E6A37760}"
EndProject
Project("{FAE04EC0-301F-11D3-BF4B-00C04F79EFBC}") = "For", "For\For.csproj", "{90DD2236-F263-4A7D-8429-EBE3DE2390AC}"
EndProject
Project("{FAE04EC0-301F-11D3-BF4B-00C04F79EFBC}") = "While", "While\While.csproj", "{3C038CC1-543F-40A6-A19B-6FF057CABA2D}"
EndProject
Project("{FAE04EC0-301F-11D3-BF4B-00C04F79EFBC}") = "Methods", "Metods\Methods.csproj", "{21C25056-82EC-4BB8-B54D-1B19F7970B4F}"
EndProject
Project("{FAE04EC0-301F-11D3-BF4B-00C04F79EFBC}") = "WeekFinal", "WeekFinal\WeekFinal.csproj", "{DED62FCD-121F-43B4-B70C-088E1B9ADF41}"
EndProject
Project("{FAE04EC0-301F-11D3-BF4B-00C04F79EFBC}") = "FundamentalsProject", "FundamentalsProject\FundamentalsProject.csproj", "{9AAECC06-DD2A-4E8B-A853-B61451DFC036}"
EndProject
Project("{FAE04EC0-301F-11D3-BF4B-00C04F79EFBC}") = "Practice", "Practice\Practice.csproj", "{3BD0FDF2-745C-49E1-B6D8-09CC35C0205F}"
EndProject
Project("{FAE04EC0-301F-11D3-BF4B-00C04F79EFBC}") = "FirstClass", "FirstClass\FirstClass.csproj", "{0FD3F4B3-431E-43F4-9E7D-2978944EA700}"
EndProject
Project("{FAE04EC0-301F-11D3-BF4B-00C04F79EFBC}") = "Constructor1", "Constructor1\Constructor1.csproj", "{3E534513-268A-4FC3-B65F-2A32D87CEEAC}"
EndProject
Project("{FAE04EC0-301F-11D3-BF4B-00C04F79EFBC}") = "PatikaKütüphanesi", "PatikaKütüphanesi\PatikaKütüphanesi.csproj", "{25CBBB99-4581-48AE-8A9C-DD37D9FFB1F9}"
EndProject
Project("{FAE04EC0-301F-11D3-BF4B-00C04F79EFBC}") = "Encapsulation", "Encapsulation\Encapsulation.csproj", "{022BB2F6-ABA2-4DCF-9E4F-007C4DB7E1EE}"
EndProject
Project("{FAE04EC0-301F-11D3-BF4B-00C04F79EFBC}") = "Inheritance", "Inheritance\Inheritance.csproj", "{BF663566-AB1D-4315-A500-9DF0E984B095}"
EndProject
Project("{FAE04EC0-301F-11D3-BF4B-00C04F79EFBC}") = "Polymorphism", "Polymorphism\Polymorphism.csproj", "{6F9EF2F3-1BF0-4722-880F-CE1220AF8E85}"
EndProject
Project("{FAE04EC0-301F-11D3-BF4B-00C04F79EFBC}") = "Abstraction", "Abstraction\Abstraction.csproj", "{5BA8D7CD-0F5A-4CA5-916D-B2F9B52AF35C}"
EndProject
Project("{FAE04EC0-301F-11D3-BF4B-00C04F79EFBC}") = "WeekFourProject", "WeekFourProject\WeekFourProject.csproj", "{949AAD92-4F8A-4BEC-BB70-4B20CA06D717}"
EndProject
Project("{2150E333-8FDC-42A3-9474-1A3956D46DE8}") = "week5", "week5", "{DBDB620A-3457-48E7-9A6E-FD5D383371B1}"
EndProject
Project("{FAE04EC0-301F-11D3-BF4B-00C04F79EFBC}") = "Arrays", "Arrays\Arrays.csproj", "{C2F2336C-CB50-4067-9DA2-CF9381270133}"
EndProject
Project("{FAE04EC0-301F-11D3-BF4B-00C04F79EFBC}") = "Lists1", "Lists1\Lists1.csproj", "{B20CCD59-6BFC-45D6-A4B2-D86201EFB17A}"
EndProject
Project("{FAE04EC0-301F-11D3-BF4B-00C04F79EFBC}") = "Lists2", "Lists2\Lists2.csproj", "{4D2D5B1E-F70F-40DF-81B3-B31D0BDB5D32}"
EndProject
Project("{FAE04EC0-301F-11D3-BF4B-00C04F79EFBC}") = "Lists3", "Lists3\Lists3.csproj", "{A89CCC30-AC72-4B44-9B21-999D1B82C1C4}"
EndProject
Project("{FAE04EC0-301F-11D3-BF4B-00C04F79EFBC}") = "TryCatch", "TryCatch\TryCatch.csproj", "{C837F6E6-95A0-41D8-8B0A-4B18B6A34839}"
EndProject
Project("{FAE04EC0-301F-11D3-BF4B-00C04F79EFBC}") = "Week5Final", "Week5Final\Week5Final.csproj", "{C0FB2405-1B38-40AF-92B1-0847D23A4F54}"
EndProject
Global
	GlobalSection(SolutionConfigurationPlatforms) = preSolution
		Debug|Any CPU = Debug|Any CPU
		Release|Any CPU = Release|Any CPU
	EndGlobalSection
	GlobalSection(ProjectConfigurationPlatforms) = postSolution
		{0E8C101A-CB59-4C9C-99AA-E2D3A4085EDD}.Debug|Any CPU.ActiveCfg = Debug|Any CPU
		{0E8C101A-CB59-4C9C-99AA-E2D3A4085EDD}.Debug|Any CPU.Build.0 = Debug|Any CPU
		{0E8C101A-CB59-4C9C-99AA-E2D3A4085EDD}.Release|Any CPU.ActiveCfg = Release|Any CPU
		{0E8C101A-CB59-4C9C-99AA-E2D3A4085EDD}.Release|Any CPU.Build.0 = Release|Any CPU
		{44B08A19-D0ED-4718-AC90-115EBD89593E}.Debug|Any CPU.ActiveCfg = Debug|Any CPU
		{44B08A19-D0ED-4718-AC90-115EBD89593E}.Debug|Any CPU.Build.0 = Debug|Any CPU
		{44B08A19-D0ED-4718-AC90-115EBD89593E}.Release|Any CPU.ActiveCfg = Release|Any CPU
		{44B08A19-D0ED-4718-AC90-115EBD89593E}.Release|Any CPU.Build.0 = Release|Any CPU
		{811F8E61-FA49-4C52-9E47-C050E6A37760}.Debug|Any CPU.ActiveCfg = Debug|Any CPU
		{811F8E61-FA49-4C52-9E47-C050E6A37760}.Debug|Any CPU.Build.0 = Debug|Any CPU
		{811F8E61-FA49-4C52-9E47-C050E6A37760}.Release|Any CPU.ActiveCfg = Release|Any CPU
		{811F8E61-FA49-4C52-9E47-C050E6A37760}.Release|Any CPU.Build.0 = Release|Any CPU
		{90DD2236-F263-4A7D-8429-EBE3DE2390AC}.Debug|Any CPU.ActiveCfg = Debug|Any CPU
		{90DD2236-F263-4A7D-8429-EBE3DE2390AC}.Debug|Any CPU.Build.0 = Debug|Any CPU
		{90DD2236-F263-4A7D-8429-EBE3DE2390AC}.Release|Any CPU.ActiveCfg = Release|Any CPU
		{90DD2236-F263-4A7D-8429-EBE3DE2390AC}.Release|Any CPU.Build.0 = Release|Any CPU
		{3C038CC1-543F-40A6-A19B-6FF057CABA2D}.Debug|Any CPU.ActiveCfg = Debug|Any CPU
		{3C038CC1-543F-40A6-A19B-6FF057CABA2D}.Debug|Any CPU.Build.0 = Debug|Any CPU
		{3C038CC1-543F-40A6-A19B-6FF057CABA2D}.Release|Any CPU.ActiveCfg = Release|Any CPU
		{3C038CC1-543F-40A6-A19B-6FF057CABA2D}.Release|Any CPU.Build.0 = Release|Any CPU
		{21C25056-82EC-4BB8-B54D-1B19F7970B4F}.Debug|Any CPU.ActiveCfg = Debug|Any CPU
		{21C25056-82EC-4BB8-B54D-1B19F7970B4F}.Debug|Any CPU.Build.0 = Debug|Any CPU
		{21C25056-82EC-4BB8-B54D-1B19F7970B4F}.Release|Any CPU.ActiveCfg = Release|Any CPU
		{21C25056-82EC-4BB8-B54D-1B19F7970B4F}.Release|Any CPU.Build.0 = Release|Any CPU
		{DED62FCD-121F-43B4-B70C-088E1B9ADF41}.Debug|Any CPU.ActiveCfg = Debug|Any CPU
		{DED62FCD-121F-43B4-B70C-088E1B9ADF41}.Debug|Any CPU.Build.0 = Debug|Any CPU
		{DED62FCD-121F-43B4-B70C-088E1B9ADF41}.Release|Any CPU.ActiveCfg = Release|Any CPU
		{DED62FCD-121F-43B4-B70C-088E1B9ADF41}.Release|Any CPU.Build.0 = Release|Any CPU
		{9AAECC06-DD2A-4E8B-A853-B61451DFC036}.Debug|Any CPU.ActiveCfg = Debug|Any CPU
		{9AAECC06-DD2A-4E8B-A853-B61451DFC036}.Debug|Any CPU.Build.0 = Debug|Any CPU
		{9AAECC06-DD2A-4E8B-A853-B61451DFC036}.Release|Any CPU.ActiveCfg = Release|Any CPU
		{9AAECC06-DD2A-4E8B-A853-B61451DFC036}.Release|Any CPU.Build.0 = Release|Any CPU
		{3BD0FDF2-745C-49E1-B6D8-09CC35C0205F}.Debug|Any CPU.ActiveCfg = Debug|Any CPU
		{3BD0FDF2-745C-49E1-B6D8-09CC35C0205F}.Debug|Any CPU.Build.0 = Debug|Any CPU
		{3BD0FDF2-745C-49E1-B6D8-09CC35C0205F}.Release|Any CPU.ActiveCfg = Release|Any CPU
		{3BD0FDF2-745C-49E1-B6D8-09CC35C0205F}.Release|Any CPU.Build.0 = Release|Any CPU
		{0FD3F4B3-431E-43F4-9E7D-2978944EA700}.Debug|Any CPU.ActiveCfg = Debug|Any CPU
		{0FD3F4B3-431E-43F4-9E7D-2978944EA700}.Debug|Any CPU.Build.0 = Debug|Any CPU
		{0FD3F4B3-431E-43F4-9E7D-2978944EA700}.Release|Any CPU.ActiveCfg = Release|Any CPU
		{0FD3F4B3-431E-43F4-9E7D-2978944EA700}.Release|Any CPU.Build.0 = Release|Any CPU
		{3E534513-268A-4FC3-B65F-2A32D87CEEAC}.Debug|Any CPU.ActiveCfg = Debug|Any CPU
		{3E534513-268A-4FC3-B65F-2A32D87CEEAC}.Debug|Any CPU.Build.0 = Debug|Any CPU
		{3E534513-268A-4FC3-B65F-2A32D87CEEAC}.Release|Any CPU.ActiveCfg = Release|Any CPU
		{3E534513-268A-4FC3-B65F-2A32D87CEEAC}.Release|Any CPU.Build.0 = Release|Any CPU
		{25CBBB99-4581-48AE-8A9C-DD37D9FFB1F9}.Debug|Any CPU.ActiveCfg = Debug|Any CPU
		{25CBBB99-4581-48AE-8A9C-DD37D9FFB1F9}.Debug|Any CPU.Build.0 = Debug|Any CPU
		{25CBBB99-4581-48AE-8A9C-DD37D9FFB1F9}.Release|Any CPU.ActiveCfg = Release|Any CPU
		{25CBBB99-4581-48AE-8A9C-DD37D9FFB1F9}.Release|Any CPU.Build.0 = Release|Any CPU
		{022BB2F6-ABA2-4DCF-9E4F-007C4DB7E1EE}.Debug|Any CPU.ActiveCfg = Debug|Any CPU
		{022BB2F6-ABA2-4DCF-9E4F-007C4DB7E1EE}.Debug|Any CPU.Build.0 = Debug|Any CPU
		{022BB2F6-ABA2-4DCF-9E4F-007C4DB7E1EE}.Release|Any CPU.ActiveCfg = Release|Any CPU
		{022BB2F6-ABA2-4DCF-9E4F-007C4DB7E1EE}.Release|Any CPU.Build.0 = Release|Any CPU
		{BF663566-AB1D-4315-A500-9DF0E984B095}.Debug|Any CPU.ActiveCfg = Debug|Any CPU
		{BF663566-AB1D-4315-A500-9DF0E984B095}.Debug|Any CPU.Build.0 = Debug|Any CPU
		{BF663566-AB1D-4315-A500-9DF0E984B095}.Release|Any CPU.ActiveCfg = Release|Any CPU
		{BF663566-AB1D-4315-A500-9DF0E984B095}.Release|Any CPU.Build.0 = Release|Any CPU
		{6F9EF2F3-1BF0-4722-880F-CE1220AF8E85}.Debug|Any CPU.ActiveCfg = Debug|Any CPU
		{6F9EF2F3-1BF0-4722-880F-CE1220AF8E85}.Debug|Any CPU.Build.0 = Debug|Any CPU
		{6F9EF2F3-1BF0-4722-880F-CE1220AF8E85}.Release|Any CPU.ActiveCfg = Release|Any CPU
		{6F9EF2F3-1BF0-4722-880F-CE1220AF8E85}.Release|Any CPU.Build.0 = Release|Any CPU
		{5BA8D7CD-0F5A-4CA5-916D-B2F9B52AF35C}.Debug|Any CPU.ActiveCfg = Debug|Any CPU
		{5BA8D7CD-0F5A-4CA5-916D-B2F9B52AF35C}.Debug|Any CPU.Build.0 = Debug|Any CPU
		{5BA8D7CD-0F5A-4CA5-916D-B2F9B52AF35C}.Release|Any CPU.ActiveCfg = Release|Any CPU
		{5BA8D7CD-0F5A-4CA5-916D-B2F9B52AF35C}.Release|Any CPU.Build.0 = Release|Any CPU
		{949AAD92-4F8A-4BEC-BB70-4B20CA06D717}.Debug|Any CPU.ActiveCfg = Debug|Any CPU
		{949AAD92-4F8A-4BEC-BB70-4B20CA06D717}.Debug|Any CPU.Build.0 = Debug|Any CPU
		{949AAD92-4F8A-4BEC-BB70-4B20CA06D717}.Release|Any CPU.ActiveCfg = Release|Any CPU
		{949AAD92-4F8A-4BEC-BB70-4B20CA06D717}.Release|Any CPU.Build.0 = Release|Any CPU
		{C2F2336C-CB50-4067-9DA2-CF9381270133}.Debug|Any CPU.ActiveCfg = Debug|Any CPU
		{C2F2336C-CB50-4067-9DA2-CF9381270133}.Debug|Any CPU.Build.0 = Debug|Any CPU
		{C2F2336C-CB50-4067-9DA2-CF9381270133}.Release|Any CPU.ActiveCfg = Release|Any CPU
		{C2F2336C-CB50-4067-9DA2-CF9381270133}.Release|Any CPU.Build.0 = Release|Any CPU
		{B20CCD59-6BFC-45D6-A4B2-D86201EFB17A}.Debug|Any CPU.ActiveCfg = Debug|Any CPU
		{B20CCD59-6BFC-45D6-A4B2-D86201EFB17A}.Debug|Any CPU.Build.0 = Debug|Any CPU
		{B20CCD59-6BFC-45D6-A4B2-D86201EFB17A}.Release|Any CPU.ActiveCfg = Release|Any CPU
		{B20CCD59-6BFC-45D6-A4B2-D86201EFB17A}.Release|Any CPU.Build.0 = Release|Any CPU
		{4D2D5B1E-F70F-40DF-81B3-B31D0BDB5D32}.Debug|Any CPU.ActiveCfg = Debug|Any CPU
		{4D2D5B1E-F70F-40DF-81B3-B31D0BDB5D32}.Debug|Any CPU.Build.0 = Debug|Any CPU
		{4D2D5B1E-F70F-40DF-81B3-B31D0BDB5D32}.Release|Any CPU.ActiveCfg = Release|Any CPU
		{4D2D5B1E-F70F-40DF-81B3-B31D0BDB5D32}.Release|Any CPU.Build.0 = Release|Any CPU
		{A89CCC30-AC72-4B44-9B21-999D1B82C1C4}.Debug|Any CPU.ActiveCfg = Debug|Any CPU
		{A89CCC30-AC72-4B44-9B21-999D1B82C1C4}.Debug|Any CPU.Build.0 = Debug|Any CPU
		{A89CCC30-AC72-4B44-9B21-999D1B82C1C4}.Release|Any CPU.ActiveCfg = Release|Any CPU
		{A89CCC30-AC72-4B44-9B21-999D1B82C1C4}.Release|Any CPU.Build.0 = Release|Any CPU
		{C837F6E6-95A0-41D8-8B0A-4B18B6A34839}.Debug|Any CPU.ActiveCfg = Debug|Any CPU
		{C837F6E6-95A0-41D8-8B0A-4B18B6A34839}.Debug|Any CPU.Build.0 = Debug|Any CPU
		{C837F6E6-95A0-41D8-8B0A-4B18B6A34839}.Release|Any CPU.ActiveCfg = Release|Any CPU
		{C837F6E6-95A0-41D8-8B0A-4B18B6A34839}.Release|Any CPU.Build.0 = Release|Any CPU
		{C0FB2405-1B38-40AF-92B1-0847D23A4F54}.Debug|Any CPU.ActiveCfg = Debug|Any CPU
		{C0FB2405-1B38-40AF-92B1-0847D23A4F54}.Debug|Any CPU.Build.0 = Debug|Any CPU
		{C0FB2405-1B38-40AF-92B1-0847D23A4F54}.Release|Any CPU.ActiveCfg = Release|Any CPU
		{C0FB2405-1B38-40AF-92B1-0847D23A4F54}.Release|Any CPU.Build.0 = Release|Any CPU
	EndGlobalSection
	GlobalSection(SolutionProperties) = preSolution
		HideSolutionNode = FALSE
	EndGlobalSection
	GlobalSection(NestedProjects) = preSolution
		{0E8C101A-CB59-4C9C-99AA-E2D3A4085EDD} = {89C77AAC-72EF-44DF-90FB-D6252006080E}
		{44B08A19-D0ED-4718-AC90-115EBD89593E} = {A6FC1A48-AA0F-4381-818B-54F9D5B23F12}
		{811F8E61-FA49-4C52-9E47-C050E6A37760} = {A6FC1A48-AA0F-4381-818B-54F9D5B23F12}
		{90DD2236-F263-4A7D-8429-EBE3DE2390AC} = {A6FC1A48-AA0F-4381-818B-54F9D5B23F12}
		{3C038CC1-543F-40A6-A19B-6FF057CABA2D} = {A6FC1A48-AA0F-4381-818B-54F9D5B23F12}
		{21C25056-82EC-4BB8-B54D-1B19F7970B4F} = {A6FC1A48-AA0F-4381-818B-54F9D5B23F12}
		{DED62FCD-121F-43B4-B70C-088E1B9ADF41} = {A6FC1A48-AA0F-4381-818B-54F9D5B23F12}
		{9AAECC06-DD2A-4E8B-A853-B61451DFC036} = {EB6A6782-023B-4D3F-928D-FC2903655406}
		{3BD0FDF2-745C-49E1-B6D8-09CC35C0205F} = {EB6A6782-023B-4D3F-928D-FC2903655406}
		{0FD3F4B3-431E-43F4-9E7D-2978944EA700} = {B7CB9472-22F9-43DD-BB22-999B1908B3A6}
		{3E534513-268A-4FC3-B65F-2A32D87CEEAC} = {B7CB9472-22F9-43DD-BB22-999B1908B3A6}
		{25CBBB99-4581-48AE-8A9C-DD37D9FFB1F9} = {B7CB9472-22F9-43DD-BB22-999B1908B3A6}
		{022BB2F6-ABA2-4DCF-9E4F-007C4DB7E1EE} = {B7CB9472-22F9-43DD-BB22-999B1908B3A6}
		{BF663566-AB1D-4315-A500-9DF0E984B095} = {B7CB9472-22F9-43DD-BB22-999B1908B3A6}
		{6F9EF2F3-1BF0-4722-880F-CE1220AF8E85} = {B7CB9472-22F9-43DD-BB22-999B1908B3A6}
		{5BA8D7CD-0F5A-4CA5-916D-B2F9B52AF35C} = {B7CB9472-22F9-43DD-BB22-999B1908B3A6}
		{949AAD92-4F8A-4BEC-BB70-4B20CA06D717} = {B7CB9472-22F9-43DD-BB22-999B1908B3A6}
		{C2F2336C-CB50-4067-9DA2-CF9381270133} = {DBDB620A-3457-48E7-9A6E-FD5D383371B1}
		{B20CCD59-6BFC-45D6-A4B2-D86201EFB17A} = {DBDB620A-3457-48E7-9A6E-FD5D383371B1}
		{4D2D5B1E-F70F-40DF-81B3-B31D0BDB5D32} = {DBDB620A-3457-48E7-9A6E-FD5D383371B1}
		{A89CCC30-AC72-4B44-9B21-999D1B82C1C4} = {DBDB620A-3457-48E7-9A6E-FD5D383371B1}
		{C837F6E6-95A0-41D8-8B0A-4B18B6A34839} = {DBDB620A-3457-48E7-9A6E-FD5D383371B1}
		{C0FB2405-1B38-40AF-92B1-0847D23A4F54} = {DBDB620A-3457-48E7-9A6E-FD5D383371B1}
	EndGlobalSection
EndGlobal
